
Microsoft Visual Studio Solution File, Format Version 12.00
# Visual Studio Version 17
VisualStudioVersion = 17.14.36414.22
MinimumVisualStudioVersion = 10.0.40219.1
Project("{2150E333-8FDC-42A3-9474-1A3956D46DE8}") = "Task0", "Task0", "{36D591C7-65C7-A0D1-1CBC-10CDE441BDC8}"
EndProject
Project("{FAE04EC0-301F-11D3-BF4B-00C04F79EFBC}") = "Tyuiu.BazilevichAV.Sprint3.Task0.V15", "Tyuiu.BazilevichAV.Sprint3.Task0.V15\Tyuiu.BazilevichAV.Sprint3.Task0.V15.csproj", "{7FC3CEA1-792D-49B5-80C7-FD52F225CB9F}"
EndProject
Project("{FAE04EC0-301F-11D3-BF4B-00C04F79EFBC}") = "Tyuiu.BazilevichAV.Sprint3.Task0.V15.Lib", "Tyuiu.BazilevichAV.Sprint3.Task0.V15.Lib\Tyuiu.BazilevichAV.Sprint3.Task0.V15.Lib.csproj", "{143BD4EB-028A-41FA-AFB9-6043951FACDC}"
EndProject
Project("{FAE04EC0-301F-11D3-BF4B-00C04F79EFBC}") = "Tyuiu.BazilevichAV.Sprint3.Task0.V15.Test", "Tyuiu.BazilevichAV.Sprint3.Task0.V15.Test\Tyuiu.BazilevichAV.Sprint3.Task0.V15.Test.csproj", "{B248AD09-AE32-4AE4-A18F-08B5D63595AB}"
EndProject
Project("{2150E333-8FDC-42A3-9474-1A3956D46DE8}") = "Task1", "Task1", "{7DC48A07-9ED6-4305-9BE9-CEDE1C6947AB}"
EndProject
Project("{FAE04EC0-301F-11D3-BF4B-00C04F79EFBC}") = "Tyuiu.BazilevichAV.Sprint3.Task1.V5", "Tyuiu.BazilevichAV.Sprint3.Task1.V5\Tyuiu.BazilevichAV.Sprint3.Task1.V5.csproj", "{7FC9F4D8-939A-478E-94DA-A970FB67A9DE}"
EndProject
Project("{FAE04EC0-301F-11D3-BF4B-00C04F79EFBC}") = "Tyuiu.BazilevichAV.Sprint3.Task1.V5.Lib", "Tyuiu.BazilevichAV.Sprint3.Task1.V5.Lib\Tyuiu.BazilevichAV.Sprint3.Task1.V5.Lib.csproj", "{4F2220DE-6300-4462-9323-E1DD1744DCCE}"
EndProject
Project("{FAE04EC0-301F-11D3-BF4B-00C04F79EFBC}") = "Tyuiu.BazilevichAV.Sprint3.Task1.V5.Test", "Tyuiu.BazilevichAV.Sprint3.Task1.V5.Test\Tyuiu.BazilevichAV.Sprint3.Task1.V5.Test.csproj", "{288C44A1-D95F-4020-B984-F0AA3A453533}"
EndProject
Project("{2150E333-8FDC-42A3-9474-1A3956D46DE8}") = "Task2", "Task2", "{FBF9EA53-F5FC-47F6-8416-BF3B3A6DFDA2}"
EndProject
Project("{FAE04EC0-301F-11D3-BF4B-00C04F79EFBC}") = "Tyuiu.BazilevichAV.Sprint3.Task2.V26", "Tyuiu.BazilevichAV.Sprint3.Task2.V26\Tyuiu.BazilevichAV.Sprint3.Task2.V26.csproj", "{7ED9EE0B-66E5-4011-9D61-24FA523A42E2}"
EndProject
Project("{FAE04EC0-301F-11D3-BF4B-00C04F79EFBC}") = "Tyuiu.BazilevichAV.Sprint3.Task2.V26.Test", "Tyuiu.BazilevichAV.Sprint3.Task2.V26.Test\Tyuiu.BazilevichAV.Sprint3.Task2.V26.Test.csproj", "{BD7F7F02-9C38-4EC0-B999-E65B17CD760F}"
EndProject
Project("{FAE04EC0-301F-11D3-BF4B-00C04F79EFBC}") = "Tyuiu.BazilevichAV.Sprint3.Task2.V26.Lib", "Tyuiu.BazilevichAV.Sprint3.Task2.V26.Lib\Tyuiu.BazilevichAV.Sprint3.Task2.V26.Lib.csproj", "{3195F2F9-C167-47B2-B248-97BFB646E6F6}"
EndProject
Project("{2150E333-8FDC-42A3-9474-1A3956D46DE8}") = "Task3", "Task3", "{B416278D-DAF8-4482-894F-B25F35A8D58F}"
EndProject
Project("{FAE04EC0-301F-11D3-BF4B-00C04F79EFBC}") = "Tyuiu.BazilevichAV.Sprint3.Task3.V24", "Tyuiu.BazilevichAV.Sprint3.Task3.V24\Tyuiu.BazilevichAV.Sprint3.Task3.V24.csproj", "{3B99734D-BA1C-40F7-BA8A-2CFBFBA1AFC3}"
EndProject
Project("{FAE04EC0-301F-11D3-BF4B-00C04F79EFBC}") = "Tyuiu.BazilevichAV.Sprint3.Task3.V24.Lib", "Tyuiu.BazilevichAV.Sprint3.Task3.V24.Lib\Tyuiu.BazilevichAV.Sprint3.Task3.V24.Lib.csproj", "{9435B6C2-A737-4BF9-8EC6-8F8841DF9584}"
EndProject
Project("{FAE04EC0-301F-11D3-BF4B-00C04F79EFBC}") = "Tyuiu.BazilevichAV.Sprint3.Task3.V24.Test", "Tyuiu.BazilevichAV.Sprint3.Task3.V24.Test\Tyuiu.BazilevichAV.Sprint3.Task3.V24.Test.csproj", "{F22FB55D-3FF0-4F7B-8DD7-EE0A228B783B}"
EndProject
Project("{2150E333-8FDC-42A3-9474-1A3956D46DE8}") = "Task4", "Task4", "{BD404A90-5744-4F06-B8F9-4A1BC1D1318D}"
EndProject
Project("{FAE04EC0-301F-11D3-BF4B-00C04F79EFBC}") = "Tyuiu.BazilevichAV.Sprint3.Task4.V1", "Tyuiu.BazilevichAV.Sprint3.Task4.V1\Tyuiu.BazilevichAV.Sprint3.Task4.V1.csproj", "{50A96282-E1A4-40BF-B894-31E7C0C777FF}"
EndProject
Project("{FAE04EC0-301F-11D3-BF4B-00C04F79EFBC}") = "Tyuiu.BazilevichAV.Sprint3.Task4.V1.Test", "Tyuiu.BazilevichAV.Sprint3.Task4.V1.Test\Tyuiu.BazilevichAV.Sprint3.Task4.V1.Test.csproj", "{0A27E3BB-6748-4492-867D-27184A0D75F7}"
EndProject
Project("{FAE04EC0-301F-11D3-BF4B-00C04F79EFBC}") = "Tyuiu.BazilevichAV.Sprint3.Task4.V1.Lib", "Tyuiu.BazilevichAV.Sprint3.Task4.V1.Lib\Tyuiu.BazilevichAV.Sprint3.Task4.V1.Lib.csproj", "{2C3A35D4-3EE1-4E61-9E49-C43A3F418AFA}"
EndProject
Project("{2150E333-8FDC-42A3-9474-1A3956D46DE8}") = "Task5", "Task5", "{AD0F4793-7BC1-4FB2-BD88-DDE58CB1C5FA}"
EndProject
Project("{FAE04EC0-301F-11D3-BF4B-00C04F79EFBC}") = "Tyuiu.BazilevichAV.Sprint3.Task5.V21.Lib", "Tyuiu.BazilevichAV.Sprint3.Task5.V21.Lib\Tyuiu.BazilevichAV.Sprint3.Task5.V21.Lib.csproj", "{D788B00A-C0F6-4F46-8927-13EE83D8C83C}"
EndProject
Project("{FAE04EC0-301F-11D3-BF4B-00C04F79EFBC}") = "Tyuiu.BazilevichAV.Sprint3.Task5.V21.Test", "Tyuiu.BazilevichAV.Sprint3.Task5.V21.Test\Tyuiu.BazilevichAV.Sprint3.Task5.V21.Test.csproj", "{6AFE3487-7FD1-4D66-B656-26D62F7952E2}"
EndProject
Project("{FAE04EC0-301F-11D3-BF4B-00C04F79EFBC}") = "Tyuiu.BazilevichAV.Sprint3.Task5.V21", "Tyuiu.BazilevichAV.Sprint3.Task5.V21\Tyuiu.BazilevichAV.Sprint3.Task5.V21.csproj", "{033C34EA-6B55-4B70-B087-F85B88C807BF}"
EndProject
Global
	GlobalSection(SolutionConfigurationPlatforms) = preSolution
		Debug|Any CPU = Debug|Any CPU
		Release|Any CPU = Release|Any CPU
	EndGlobalSection
	GlobalSection(ProjectConfigurationPlatforms) = postSolution
		{7FC3CEA1-792D-49B5-80C7-FD52F225CB9F}.Debug|Any CPU.ActiveCfg = Debug|Any CPU
		{7FC3CEA1-792D-49B5-80C7-FD52F225CB9F}.Debug|Any CPU.Build.0 = Debug|Any CPU
		{7FC3CEA1-792D-49B5-80C7-FD52F225CB9F}.Release|Any CPU.ActiveCfg = Release|Any CPU
		{7FC3CEA1-792D-49B5-80C7-FD52F225CB9F}.Release|Any CPU.Build.0 = Release|Any CPU
		{143BD4EB-028A-41FA-AFB9-6043951FACDC}.Debug|Any CPU.ActiveCfg = Debug|Any CPU
		{143BD4EB-028A-41FA-AFB9-6043951FACDC}.Debug|Any CPU.Build.0 = Debug|Any CPU
		{143BD4EB-028A-41FA-AFB9-6043951FACDC}.Release|Any CPU.ActiveCfg = Release|Any CPU
		{143BD4EB-028A-41FA-AFB9-6043951FACDC}.Release|Any CPU.Build.0 = Release|Any CPU
		{B248AD09-AE32-4AE4-A18F-08B5D63595AB}.Debug|Any CPU.ActiveCfg = Debug|Any CPU
		{B248AD09-AE32-4AE4-A18F-08B5D63595AB}.Debug|Any CPU.Build.0 = Debug|Any CPU
		{B248AD09-AE32-4AE4-A18F-08B5D63595AB}.Release|Any CPU.ActiveCfg = Release|Any CPU
		{B248AD09-AE32-4AE4-A18F-08B5D63595AB}.Release|Any CPU.Build.0 = Release|Any CPU
		{7FC9F4D8-939A-478E-94DA-A970FB67A9DE}.Debug|Any CPU.ActiveCfg = Debug|Any CPU
		{7FC9F4D8-939A-478E-94DA-A970FB67A9DE}.Debug|Any CPU.Build.0 = Debug|Any CPU
		{7FC9F4D8-939A-478E-94DA-A970FB67A9DE}.Release|Any CPU.ActiveCfg = Release|Any CPU
		{7FC9F4D8-939A-478E-94DA-A970FB67A9DE}.Release|Any CPU.Build.0 = Release|Any CPU
		{4F2220DE-6300-4462-9323-E1DD1744DCCE}.Debug|Any CPU.ActiveCfg = Debug|Any CPU
		{4F2220DE-6300-4462-9323-E1DD1744DCCE}.Debug|Any CPU.Build.0 = Debug|Any CPU
		{4F2220DE-6300-4462-9323-E1DD1744DCCE}.Release|Any CPU.ActiveCfg = Release|Any CPU
		{4F2220DE-6300-4462-9323-E1DD1744DCCE}.Release|Any CPU.Build.0 = Release|Any CPU
		{288C44A1-D95F-4020-B984-F0AA3A453533}.Debug|Any CPU.ActiveCfg = Debug|Any CPU
		{288C44A1-D95F-4020-B984-F0AA3A453533}.Debug|Any CPU.Build.0 = Debug|Any CPU
		{288C44A1-D95F-4020-B984-F0AA3A453533}.Release|Any CPU.ActiveCfg = Release|Any CPU
		{288C44A1-D95F-4020-B984-F0AA3A453533}.Release|Any CPU.Build.0 = Release|Any CPU
		{7ED9EE0B-66E5-4011-9D61-24FA523A42E2}.Debug|Any CPU.ActiveCfg = Debug|Any CPU
		{7ED9EE0B-66E5-4011-9D61-24FA523A42E2}.Debug|Any CPU.Build.0 = Debug|Any CPU
		{7ED9EE0B-66E5-4011-9D61-24FA523A42E2}.Release|Any CPU.ActiveCfg = Release|Any CPU
		{7ED9EE0B-66E5-4011-9D61-24FA523A42E2}.Release|Any CPU.Build.0 = Release|Any CPU
		{BD7F7F02-9C38-4EC0-B999-E65B17CD760F}.Debug|Any CPU.ActiveCfg = Debug|Any CPU
		{BD7F7F02-9C38-4EC0-B999-E65B17CD760F}.Debug|Any CPU.Build.0 = Debug|Any CPU
		{BD7F7F02-9C38-4EC0-B999-E65B17CD760F}.Release|Any CPU.ActiveCfg = Release|Any CPU
		{BD7F7F02-9C38-4EC0-B999-E65B17CD760F}.Release|Any CPU.Build.0 = Release|Any CPU
		{3195F2F9-C167-47B2-B248-97BFB646E6F6}.Debug|Any CPU.ActiveCfg = Debug|Any CPU
		{3195F2F9-C167-47B2-B248-97BFB646E6F6}.Debug|Any CPU.Build.0 = Debug|Any CPU
		{3195F2F9-C167-47B2-B248-97BFB646E6F6}.Release|Any CPU.ActiveCfg = Release|Any CPU
		{3195F2F9-C167-47B2-B248-97BFB646E6F6}.Release|Any CPU.Build.0 = Release|Any CPU
		{3B99734D-BA1C-40F7-BA8A-2CFBFBA1AFC3}.Debug|Any CPU.ActiveCfg = Debug|Any CPU
		{3B99734D-BA1C-40F7-BA8A-2CFBFBA1AFC3}.Debug|Any CPU.Build.0 = Debug|Any CPU
		{3B99734D-BA1C-40F7-BA8A-2CFBFBA1AFC3}.Release|Any CPU.ActiveCfg = Release|Any CPU
		{3B99734D-BA1C-40F7-BA8A-2CFBFBA1AFC3}.Release|Any CPU.Build.0 = Release|Any CPU
		{9435B6C2-A737-4BF9-8EC6-8F8841DF9584}.Debug|Any CPU.ActiveCfg = Debug|Any CPU
		{9435B6C2-A737-4BF9-8EC6-8F8841DF9584}.Debug|Any CPU.Build.0 = Debug|Any CPU
		{9435B6C2-A737-4BF9-8EC6-8F8841DF9584}.Release|Any CPU.ActiveCfg = Release|Any CPU
		{9435B6C2-A737-4BF9-8EC6-8F8841DF9584}.Release|Any CPU.Build.0 = Release|Any CPU
		{F22FB55D-3FF0-4F7B-8DD7-EE0A228B783B}.Debug|Any CPU.ActiveCfg = Debug|Any CPU
		{F22FB55D-3FF0-4F7B-8DD7-EE0A228B783B}.Debug|Any CPU.Build.0 = Debug|Any CPU
		{F22FB55D-3FF0-4F7B-8DD7-EE0A228B783B}.Release|Any CPU.ActiveCfg = Release|Any CPU
		{F22FB55D-3FF0-4F7B-8DD7-EE0A228B783B}.Release|Any CPU.Build.0 = Release|Any CPU
		{50A96282-E1A4-40BF-B894-31E7C0C777FF}.Debug|Any CPU.ActiveCfg = Debug|Any CPU
		{50A96282-E1A4-40BF-B894-31E7C0C777FF}.Debug|Any CPU.Build.0 = Debug|Any CPU
		{50A96282-E1A4-40BF-B894-31E7C0C777FF}.Release|Any CPU.ActiveCfg = Release|Any CPU
		{50A96282-E1A4-40BF-B894-31E7C0C777FF}.Release|Any CPU.Build.0 = Release|Any CPU
		{0A27E3BB-6748-4492-867D-27184A0D75F7}.Debug|Any CPU.ActiveCfg = Debug|Any CPU
		{0A27E3BB-6748-4492-867D-27184A0D75F7}.Debug|Any CPU.Build.0 = Debug|Any CPU
		{0A27E3BB-6748-4492-867D-27184A0D75F7}.Release|Any CPU.ActiveCfg = Release|Any CPU
		{0A27E3BB-6748-4492-867D-27184A0D75F7}.Release|Any CPU.Build.0 = Release|Any CPU
		{2C3A35D4-3EE1-4E61-9E49-C43A3F418AFA}.Debug|Any CPU.ActiveCfg = Debug|Any CPU
		{2C3A35D4-3EE1-4E61-9E49-C43A3F418AFA}.Debug|Any CPU.Build.0 = Debug|Any CPU
		{2C3A35D4-3EE1-4E61-9E49-C43A3F418AFA}.Release|Any CPU.ActiveCfg = Release|Any CPU
		{2C3A35D4-3EE1-4E61-9E49-C43A3F418AFA}.Release|Any CPU.Build.0 = Release|Any CPU
		{D788B00A-C0F6-4F46-8927-13EE83D8C83C}.Debug|Any CPU.ActiveCfg = Debug|Any CPU
		{D788B00A-C0F6-4F46-8927-13EE83D8C83C}.Debug|Any CPU.Build.0 = Debug|Any CPU
		{D788B00A-C0F6-4F46-8927-13EE83D8C83C}.Release|Any CPU.ActiveCfg = Release|Any CPU
		{D788B00A-C0F6-4F46-8927-13EE83D8C83C}.Release|Any CPU.Build.0 = Release|Any CPU
		{6AFE3487-7FD1-4D66-B656-26D62F7952E2}.Debug|Any CPU.ActiveCfg = Debug|Any CPU
		{6AFE3487-7FD1-4D66-B656-26D62F7952E2}.Debug|Any CPU.Build.0 = Debug|Any CPU
		{6AFE3487-7FD1-4D66-B656-26D62F7952E2}.Release|Any CPU.ActiveCfg = Release|Any CPU
		{6AFE3487-7FD1-4D66-B656-26D62F7952E2}.Release|Any CPU.Build.0 = Release|Any CPU
		{033C34EA-6B55-4B70-B087-F85B88C807BF}.Debug|Any CPU.ActiveCfg = Debug|Any CPU
		{033C34EA-6B55-4B70-B087-F85B88C807BF}.Debug|Any CPU.Build.0 = Debug|Any CPU
		{033C34EA-6B55-4B70-B087-F85B88C807BF}.Release|Any CPU.ActiveCfg = Release|Any CPU
		{033C34EA-6B55-4B70-B087-F85B88C807BF}.Release|Any CPU.Build.0 = Release|Any CPU
	EndGlobalSection
	GlobalSection(SolutionProperties) = preSolution
		HideSolutionNode = FALSE
	EndGlobalSection
	GlobalSection(NestedProjects) = preSolution
		{7FC3CEA1-792D-49B5-80C7-FD52F225CB9F} = {36D591C7-65C7-A0D1-1CBC-10CDE441BDC8}
		{143BD4EB-028A-41FA-AFB9-6043951FACDC} = {36D591C7-65C7-A0D1-1CBC-10CDE441BDC8}
		{B248AD09-AE32-4AE4-A18F-08B5D63595AB} = {36D591C7-65C7-A0D1-1CBC-10CDE441BDC8}
		{7FC9F4D8-939A-478E-94DA-A970FB67A9DE} = {7DC48A07-9ED6-4305-9BE9-CEDE1C6947AB}
		{4F2220DE-6300-4462-9323-E1DD1744DCCE} = {7DC48A07-9ED6-4305-9BE9-CEDE1C6947AB}
		{288C44A1-D95F-4020-B984-F0AA3A453533} = {7DC48A07-9ED6-4305-9BE9-CEDE1C6947AB}
		{7ED9EE0B-66E5-4011-9D61-24FA523A42E2} = {FBF9EA53-F5FC-47F6-8416-BF3B3A6DFDA2}
		{BD7F7F02-9C38-4EC0-B999-E65B17CD760F} = {FBF9EA53-F5FC-47F6-8416-BF3B3A6DFDA2}
		{3195F2F9-C167-47B2-B248-97BFB646E6F6} = {FBF9EA53-F5FC-47F6-8416-BF3B3A6DFDA2}
		{3B99734D-BA1C-40F7-BA8A-2CFBFBA1AFC3} = {B416278D-DAF8-4482-894F-B25F35A8D58F}
		{9435B6C2-A737-4BF9-8EC6-8F8841DF9584} = {B416278D-DAF8-4482-894F-B25F35A8D58F}
		{F22FB55D-3FF0-4F7B-8DD7-EE0A228B783B} = {B416278D-DAF8-4482-894F-B25F35A8D58F}
		{50A96282-E1A4-40BF-B894-31E7C0C777FF} = {BD404A90-5744-4F06-B8F9-4A1BC1D1318D}
		{0A27E3BB-6748-4492-867D-27184A0D75F7} = {BD404A90-5744-4F06-B8F9-4A1BC1D1318D}
		{2C3A35D4-3EE1-4E61-9E49-C43A3F418AFA} = {BD404A90-5744-4F06-B8F9-4A1BC1D1318D}
		{D788B00A-C0F6-4F46-8927-13EE83D8C83C} = {AD0F4793-7BC1-4FB2-BD88-DDE58CB1C5FA}
		{6AFE3487-7FD1-4D66-B656-26D62F7952E2} = {AD0F4793-7BC1-4FB2-BD88-DDE58CB1C5FA}
		{033C34EA-6B55-4B70-B087-F85B88C807BF} = {AD0F4793-7BC1-4FB2-BD88-DDE58CB1C5FA}
	EndGlobalSection
	GlobalSection(ExtensibilityGlobals) = postSolution
		SolutionGuid = {486134CA-FB18-4625-BA5A-DE8162C8ACA1}
	EndGlobalSection
EndGlobal
