
Microsoft Visual Studio Solution File, Format Version 12.00
# Visual Studio Version 17
VisualStudioVersion = 17.14.36414.22 d17.14
MinimumVisualStudioVersion = 10.0.40219.1
Project("{2150E333-8FDC-42A3-9474-1A3956D46DE8}") = "Task0", "Task0", "{36D591C7-65C7-A0D1-1CBC-10CDE441BDC8}"
EndProject
Project("{FAE04EC0-301F-11D3-BF4B-00C04F79EFBC}") = "Tyuiu.BazilevichAV.Sprint3.Task0.V15", "Tyuiu.BazilevichAV.Sprint3.Task0.V15\Tyuiu.BazilevichAV.Sprint3.Task0.V15.csproj", "{7FC3CEA1-792D-49B5-80C7-FD52F225CB9F}"
EndProject
Project("{FAE04EC0-301F-11D3-BF4B-00C04F79EFBC}") = "Tyuiu.BazilevichAV.Sprint3.Task0.V15.Lib", "Tyuiu.BazilevichAV.Sprint3.Task0.V15.Lib\Tyuiu.BazilevichAV.Sprint3.Task0.V15.Lib.csproj", "{143BD4EB-028A-41FA-AFB9-6043951FACDC}"
EndProject
Project("{FAE04EC0-301F-11D3-BF4B-00C04F79EFBC}") = "Tyuiu.BazilevichAV.Sprint3.Task0.V15.Test", "Tyuiu.BazilevichAV.Sprint3.Task0.V15.Test\Tyuiu.BazilevichAV.Sprint3.Task0.V15.Test.csproj", "{B248AD09-AE32-4AE4-A18F-08B5D63595AB}"
EndProject
Project("{2150E333-8FDC-42A3-9474-1A3956D46DE8}") = "Task1", "Task1", "{7DC48A07-9ED6-4305-9BE9-CEDE1C6947AB}"
EndProject
Project("{FAE04EC0-301F-11D3-BF4B-00C04F79EFBC}") = "Tyuiu.BazilevichAV.Sprint3.Task1.V5", "Tyuiu.BazilevichAV.Sprint3.Task1.V5\Tyuiu.BazilevichAV.Sprint3.Task1.V5.csproj", "{7FC9F4D8-939A-478E-94DA-A970FB67A9DE}"
EndProject
Project("{FAE04EC0-301F-11D3-BF4B-00C04F79EFBC}") = "Tyuiu.BazilevichAV.Sprint3.Task1.V5.Lib", "Tyuiu.BazilevichAV.Sprint3.Task1.V5.Lib\Tyuiu.BazilevichAV.Sprint3.Task1.V5.Lib.csproj", "{4F2220DE-6300-4462-9323-E1DD1744DCCE}"
EndProject
Project("{FAE04EC0-301F-11D3-BF4B-00C04F79EFBC}") = "Tyuiu.BazilevichAV.Sprint3.Task1.V5.Test", "Tyuiu.BazilevichAV.Sprint3.Task1.V5.Test\Tyuiu.BazilevichAV.Sprint3.Task1.V5.Test.csproj", "{288C44A1-D95F-4020-B984-F0AA3A453533}"
EndProject
Global
	GlobalSection(SolutionConfigurationPlatforms) = preSolution
		Debug|Any CPU = Debug|Any CPU
		Release|Any CPU = Release|Any CPU
	EndGlobalSection
	GlobalSection(ProjectConfigurationPlatforms) = postSolution
		{7FC3CEA1-792D-49B5-80C7-FD52F225CB9F}.Debug|Any CPU.ActiveCfg = Debug|Any CPU
		{7FC3CEA1-792D-49B5-80C7-FD52F225CB9F}.Debug|Any CPU.Build.0 = Debug|Any CPU
		{7FC3CEA1-792D-49B5-80C7-FD52F225CB9F}.Release|Any CPU.ActiveCfg = Release|Any CPU
		{7FC3CEA1-792D-49B5-80C7-FD52F225CB9F}.Release|Any CPU.Build.0 = Release|Any CPU
		{143BD4EB-028A-41FA-AFB9-6043951FACDC}.Debug|Any CPU.ActiveCfg = Debug|Any CPU
		{143BD4EB-028A-41FA-AFB9-6043951FACDC}.Debug|Any CPU.Build.0 = Debug|Any CPU
		{143BD4EB-028A-41FA-AFB9-6043951FACDC}.Release|Any CPU.ActiveCfg = Release|Any CPU
		{143BD4EB-028A-41FA-AFB9-6043951FACDC}.Release|Any CPU.Build.0 = Release|Any CPU
		{B248AD09-AE32-4AE4-A18F-08B5D63595AB}.Debug|Any CPU.ActiveCfg = Debug|Any CPU
		{B248AD09-AE32-4AE4-A18F-08B5D63595AB}.Debug|Any CPU.Build.0 = Debug|Any CPU
		{B248AD09-AE32-4AE4-A18F-08B5D63595AB}.Release|Any CPU.ActiveCfg = Release|Any CPU
		{B248AD09-AE32-4AE4-A18F-08B5D63595AB}.Release|Any CPU.Build.0 = Release|Any CPU
		{7FC9F4D8-939A-478E-94DA-A970FB67A9DE}.Debug|Any CPU.ActiveCfg = Debug|Any CPU
		{7FC9F4D8-939A-478E-94DA-A970FB67A9DE}.Debug|Any CPU.Build.0 = Debug|Any CPU
		{7FC9F4D8-939A-478E-94DA-A970FB67A9DE}.Release|Any CPU.ActiveCfg = Release|Any CPU
		{7FC9F4D8-939A-478E-94DA-A970FB67A9DE}.Release|Any CPU.Build.0 = Release|Any CPU
		{4F2220DE-6300-4462-9323-E1DD1744DCCE}.Debug|Any CPU.ActiveCfg = Debug|Any CPU
		{4F2220DE-6300-4462-9323-E1DD1744DCCE}.Debug|Any CPU.Build.0 = Debug|Any CPU
		{4F2220DE-6300-4462-9323-E1DD1744DCCE}.Release|Any CPU.ActiveCfg = Release|Any CPU
		{4F2220DE-6300-4462-9323-E1DD1744DCCE}.Release|Any CPU.Build.0 = Release|Any CPU
		{288C44A1-D95F-4020-B984-F0AA3A453533}.Debug|Any CPU.ActiveCfg = Debug|Any CPU
		{288C44A1-D95F-4020-B984-F0AA3A453533}.Debug|Any CPU.Build.0 = Debug|Any CPU
		{288C44A1-D95F-4020-B984-F0AA3A453533}.Release|Any CPU.ActiveCfg = Release|Any CPU
		{288C44A1-D95F-4020-B984-F0AA3A453533}.Release|Any CPU.Build.0 = Release|Any CPU
	EndGlobalSection
	GlobalSection(SolutionProperties) = preSolution
		HideSolutionNode = FALSE
	EndGlobalSection
	GlobalSection(NestedProjects) = preSolution
		{7FC3CEA1-792D-49B5-80C7-FD52F225CB9F} = {36D591C7-65C7-A0D1-1CBC-10CDE441BDC8}
		{143BD4EB-028A-41FA-AFB9-6043951FACDC} = {36D591C7-65C7-A0D1-1CBC-10CDE441BDC8}
		{B248AD09-AE32-4AE4-A18F-08B5D63595AB} = {36D591C7-65C7-A0D1-1CBC-10CDE441BDC8}
		{7FC9F4D8-939A-478E-94DA-A970FB67A9DE} = {7DC48A07-9ED6-4305-9BE9-CEDE1C6947AB}
		{4F2220DE-6300-4462-9323-E1DD1744DCCE} = {7DC48A07-9ED6-4305-9BE9-CEDE1C6947AB}
		{288C44A1-D95F-4020-B984-F0AA3A453533} = {7DC48A07-9ED6-4305-9BE9-CEDE1C6947AB}
	EndGlobalSection
	GlobalSection(ExtensibilityGlobals) = postSolution
		SolutionGuid = {486134CA-FB18-4625-BA5A-DE8162C8ACA1}
	EndGlobalSection
EndGlobal
